// !$*UTF8*$!
{
	archiveVersion = 1;
	classes = {
	};
	objectVersion = 46;
	objects = {

/* Begin PBXBuildFile section */
		D07A00BB13988637009B43D4 /* AlbumsViewController.m in Sources */ = {isa = PBXBuildFile; fileRef = D07A00BA13988637009B43D4 /* AlbumsViewController.m */; };
		D09A95C11395B01B0021BD52 /* UIKit.framework in Frameworks */ = {isa = PBXBuildFile; fileRef = D09A95C01395B01B0021BD52 /* UIKit.framework */; };
		D09A95C31395B01B0021BD52 /* Foundation.framework in Frameworks */ = {isa = PBXBuildFile; fileRef = D09A95C21395B01B0021BD52 /* Foundation.framework */; };
		D09A95C51395B01B0021BD52 /* CoreGraphics.framework in Frameworks */ = {isa = PBXBuildFile; fileRef = D09A95C41395B01B0021BD52 /* CoreGraphics.framework */; };
		D09A95CB1395B01B0021BD52 /* InfoPlist.strings in Resources */ = {isa = PBXBuildFile; fileRef = D09A95C91395B01B0021BD52 /* InfoPlist.strings */; };
		D09A95CE1395B01B0021BD52 /* main.m in Sources */ = {isa = PBXBuildFile; fileRef = D09A95CD1395B01B0021BD52 /* main.m */; };
		D09A95D11395B01B0021BD52 /* MediaPlayerAppDelegate.m in Sources */ = {isa = PBXBuildFile; fileRef = D09A95D01395B01B0021BD52 /* MediaPlayerAppDelegate.m */; };
		D09A95D41395B01B0021BD52 /* MainWindow.xib in Resources */ = {isa = PBXBuildFile; fileRef = D09A95D21395B01B0021BD52 /* MainWindow.xib */; };
		D09A95D71395B01B0021BD52 /* RootViewController.m in Sources */ = {isa = PBXBuildFile; fileRef = D09A95D61395B01B0021BD52 /* RootViewController.m */; };
		D09A95DA1395B01B0021BD52 /* RootViewController.xib in Resources */ = {isa = PBXBuildFile; fileRef = D09A95D81395B01B0021BD52 /* RootViewController.xib */; };
		D09A95E11395B0EC0021BD52 /* MediaPlayer.framework in Frameworks */ = {isa = PBXBuildFile; fileRef = D09A95E01395B0EC0021BD52 /* MediaPlayer.framework */; };
/* End PBXBuildFile section */

/* Begin PBXFileReference section */
		D07A00B913988637009B43D4 /* AlbumsViewController.h */ = {isa = PBXFileReference; fileEncoding = 4; lastKnownFileType = sourcecode.c.h; path = AlbumsViewController.h; sourceTree = "<group>"; };
		D07A00BA13988637009B43D4 /* AlbumsViewController.m */ = {isa = PBXFileReference; fileEncoding = 4; lastKnownFileType = sourcecode.c.objc; path = AlbumsViewController.m; sourceTree = "<group>"; };
		D09A95BC1395B01B0021BD52 /* MediaPlayer.app */ = {isa = PBXFileReference; explicitFileType = wrapper.application; includeInIndex = 0; path = MediaPlayer.app; sourceTree = BUILT_PRODUCTS_DIR; };
		D09A95C01395B01B0021BD52 /* UIKit.framework */ = {isa = PBXFileReference; lastKnownFileType = wrapper.framework; name = UIKit.framework; path = System/Library/Frameworks/UIKit.framework; sourceTree = SDKROOT; };
		D09A95C21395B01B0021BD52 /* Foundation.framework */ = {isa = PBXFileReference; lastKnownFileType = wrapper.framework; name = Foundation.framework; path = System/Library/Frameworks/Foundation.framework; sourceTree = SDKROOT; };
		D09A95C41395B01B0021BD52 /* CoreGraphics.framework */ = {isa = PBXFileReference; lastKnownFileType = wrapper.framework; name = CoreGraphics.framework; path = System/Library/Frameworks/CoreGraphics.framework; sourceTree = SDKROOT; };
		D09A95C81395B01B0021BD52 /* MediaPlayer-Info.plist */ = {isa = PBXFileReference; lastKnownFileType = text.plist.xml; path = "MediaPlayer-Info.plist"; sourceTree = "<group>"; };
		D09A95CA1395B01B0021BD52 /* en */ = {isa = PBXFileReference; lastKnownFileType = text.plist.strings; name = en; path = en.lproj/InfoPlist.strings; sourceTree = "<group>"; };
		D09A95CC1395B01B0021BD52 /* MediaPlayer-Prefix.pch */ = {isa = PBXFileReference; lastKnownFileType = sourcecode.c.h; path = "MediaPlayer-Prefix.pch"; sourceTree = "<group>"; };
		D09A95CD1395B01B0021BD52 /* main.m */ = {isa = PBXFileReference; lastKnownFileType = sourcecode.c.objc; path = main.m; sourceTree = "<group>"; };
		D09A95CF1395B01B0021BD52 /* MediaPlayerAppDelegate.h */ = {isa = PBXFileReference; lastKnownFileType = sourcecode.c.h; path = MediaPlayerAppDelegate.h; sourceTree = "<group>"; };
		D09A95D01395B01B0021BD52 /* MediaPlayerAppDelegate.m */ = {isa = PBXFileReference; lastKnownFileType = sourcecode.c.objc; path = MediaPlayerAppDelegate.m; sourceTree = "<group>"; };
		D09A95D31395B01B0021BD52 /* en */ = {isa = PBXFileReference; lastKnownFileType = file.xib; name = en; path = en.lproj/MainWindow.xib; sourceTree = "<group>"; };
		D09A95D51395B01B0021BD52 /* RootViewController.h */ = {isa = PBXFileReference; lastKnownFileType = sourcecode.c.h; path = RootViewController.h; sourceTree = "<group>"; };
		D09A95D61395B01B0021BD52 /* RootViewController.m */ = {isa = PBXFileReference; lastKnownFileType = sourcecode.c.objc; path = RootViewController.m; sourceTree = "<group>"; };
		D09A95D91395B01B0021BD52 /* en */ = {isa = PBXFileReference; lastKnownFileType = file.xib; name = en; path = en.lproj/RootViewController.xib; sourceTree = "<group>"; };
		D09A95E01395B0EC0021BD52 /* MediaPlayer.framework */ = {isa = PBXFileReference; lastKnownFileType = wrapper.framework; name = MediaPlayer.framework; path = System/Library/Frameworks/MediaPlayer.framework; sourceTree = SDKROOT; };
/* End PBXFileReference section */

/* Begin PBXFrameworksBuildPhase section */
		D09A95B91395B01A0021BD52 /* Frameworks */ = {
			isa = PBXFrameworksBuildPhase;
			buildActionMask = 2147483647;
			files = (
				D09A95E11395B0EC0021BD52 /* MediaPlayer.framework in Frameworks */,
				D09A95C11395B01B0021BD52 /* UIKit.framework in Frameworks */,
				D09A95C31395B01B0021BD52 /* Foundation.framework in Frameworks */,
				D09A95C51395B01B0021BD52 /* CoreGraphics.framework in Frameworks */,
			);
			runOnlyForDeploymentPostprocessing = 0;
		};
/* End PBXFrameworksBuildPhase section */

/* Begin PBXGroup section */
		D09A95B11395B01A0021BD52 = {
			isa = PBXGroup;
			children = (
				D09A95C61395B01B0021BD52 /* MediaPlayer */,
				D09A95BF1395B01B0021BD52 /* Frameworks */,
				D09A95BD1395B01B0021BD52 /* Products */,
			);
			sourceTree = "<group>";
		};
		D09A95BD1395B01B0021BD52 /* Products */ = {
			isa = PBXGroup;
			children = (
				D09A95BC1395B01B0021BD52 /* MediaPlayer.app */,
			);
			name = Products;
			sourceTree = "<group>";
		};
		D09A95BF1395B01B0021BD52 /* Frameworks */ = {
			isa = PBXGroup;
			children = (
				D09A95E01395B0EC0021BD52 /* MediaPlayer.framework */,
				D09A95C01395B01B0021BD52 /* UIKit.framework */,
				D09A95C21395B01B0021BD52 /* Foundation.framework */,
				D09A95C41395B01B0021BD52 /* CoreGraphics.framework */,
			);
			name = Frameworks;
			sourceTree = "<group>";
		};
		D09A95C61395B01B0021BD52 /* MediaPlayer */ = {
			isa = PBXGroup;
			children = (
				D09A95CF1395B01B0021BD52 /* MediaPlayerAppDelegate.h */,
				D09A95D01395B01B0021BD52 /* MediaPlayerAppDelegate.m */,
				D09A95D21395B01B0021BD52 /* MainWindow.xib */,
				D09A95D51395B01B0021BD52 /* RootViewController.h */,
				D09A95D61395B01B0021BD52 /* RootViewController.m */,
				D09A95D81395B01B0021BD52 /* RootViewController.xib */,
				D09A95C71395B01B0021BD52 /* Supporting Files */,
				D07A00B913988637009B43D4 /* AlbumsViewController.h */,
				D07A00BA13988637009B43D4 /* AlbumsViewController.m */,
			);
			path = MediaPlayer;
			sourceTree = "<group>";
		};
		D09A95C71395B01B0021BD52 /* Supporting Files */ = {
			isa = PBXGroup;
			children = (
				D09A95C81395B01B0021BD52 /* MediaPlayer-Info.plist */,
				D09A95C91395B01B0021BD52 /* InfoPlist.strings */,
				D09A95CC1395B01B0021BD52 /* MediaPlayer-Prefix.pch */,
				D09A95CD1395B01B0021BD52 /* main.m */,
			);
			name = "Supporting Files";
			sourceTree = "<group>";
		};
/* End PBXGroup section */

/* Begin PBXNativeTarget section */
		D09A95BB1395B01A0021BD52 /* MediaPlayer */ = {
			isa = PBXNativeTarget;
			buildConfigurationList = D09A95DD1395B01B0021BD52 /* Build configuration list for PBXNativeTarget "MediaPlayer" */;
			buildPhases = (
				D09A95B81395B01A0021BD52 /* Sources */,
				D09A95B91395B01A0021BD52 /* Frameworks */,
				D09A95BA1395B01A0021BD52 /* Resources */,
			);
			buildRules = (
			);
			dependencies = (
			);
			name = MediaPlayer;
			productName = MediaPlayer;
			productReference = D09A95BC1395B01B0021BD52 /* MediaPlayer.app */;
			productType = "com.apple.product-type.application";
		};
/* End PBXNativeTarget section */

/* Begin PBXProject section */
		D09A95B31395B01A0021BD52 /* Project object */ = {
			isa = PBXProject;
			attributes = {
				ORGANIZATIONNAME = None;
			};
			buildConfigurationList = D09A95B61395B01A0021BD52 /* Build configuration list for PBXProject "MediaPlayer" */;
			compatibilityVersion = "Xcode 3.2";
			developmentRegion = English;
			hasScannedForEncodings = 0;
			knownRegions = (
				en,
			);
			mainGroup = D09A95B11395B01A0021BD52;
			productRefGroup = D09A95BD1395B01B0021BD52 /* Products */;
			projectDirPath = "";
			projectRoot = "";
			targets = (
				D09A95BB1395B01A0021BD52 /* MediaPlayer */,
			);
		};
/* End PBXProject section */

/* Begin PBXResourcesBuildPhase section */
		D09A95BA1395B01A0021BD52 /* Resources */ = {
			isa = PBXResourcesBuildPhase;
			buildActionMask = 2147483647;
			files = (
				D09A95CB1395B01B0021BD52 /* InfoPlist.strings in Resources */,
				D09A95D41395B01B0021BD52 /* MainWindow.xib in Resources */,
				D09A95DA1395B01B0021BD52 /* RootViewController.xib in Resources */,
			);
			runOnlyForDeploymentPostprocessing = 0;
		};
/* End PBXResourcesBuildPhase section */

/* Begin PBXSourcesBuildPhase section */
		D09A95B81395B01A0021BD52 /* Sources */ = {
			isa = PBXSourcesBuildPhase;
			buildActionMask = 2147483647;
			files = (
				D09A95CE1395B01B0021BD52 /* main.m in Sources */,
				D09A95D11395B01B0021BD52 /* MediaPlayerAppDelegate.m in Sources */,
				D09A95D71395B01B0021BD52 /* RootViewController.m in Sources */,
				D07A00BB13988637009B43D4 /* AlbumsViewController.m in Sources */,
			);
			runOnlyForDeploymentPostprocessing = 0;
		};
/* End PBXSourcesBuildPhase section */

/* Begin PBXVariantGroup section */
		D09A95C91395B01B0021BD52 /* InfoPlist.strings */ = {
			isa = PBXVariantGroup;
			children = (
				D09A95CA1395B01B0021BD52 /* en */,
			);
			name = InfoPlist.strings;
			sourceTree = "<group>";
		};
		D09A95D21395B01B0021BD52 /* MainWindow.xib */ = {
			isa = PBXVariantGroup;
			children = (
				D09A95D31395B01B0021BD52 /* en */,
			);
			name = MainWindow.xib;
			sourceTree = "<group>";
		};
		D09A95D81395B01B0021BD52 /* RootViewController.xib */ = {
			isa = PBXVariantGroup;
			children = (
				D09A95D91395B01B0021BD52 /* en */,
			);
			name = RootViewController.xib;
			sourceTree = "<group>";
		};
/* End PBXVariantGroup section */

/* Begin XCBuildConfiguration section */
		D09A95DB1395B01B0021BD52 /* Debug */ = {
			isa = XCBuildConfiguration;
			buildSettings = {
				ARCHS = "$(ARCHS_STANDARD_32_BIT)";
				"CODE_SIGN_IDENTITY[sdk=iphoneos*]" = "iPhone Developer";
				GCC_C_LANGUAGE_STANDARD = gnu99;
				GCC_OPTIMIZATION_LEVEL = 0;
				GCC_PREPROCESSOR_DEFINITIONS = DEBUG;
				GCC_SYMBOLS_PRIVATE_EXTERN = NO;
				GCC_VERSION = com.apple.compilers.llvmgcc42;
				GCC_WARN_ABOUT_RETURN_TYPE = YES;
				GCC_WARN_UNUSED_VARIABLE = YES;
				IPHONEOS_DEPLOYMENT_TARGET = 4.3;
				SDKROOT = iphoneos;
			};
			name = Debug;
		};
		D09A95DC1395B01B0021BD52 /* Release */ = {
			isa = XCBuildConfiguration;
			buildSettings = {
				ARCHS = "$(ARCHS_STANDARD_32_BIT)";
				"CODE_SIGN_IDENTITY[sdk=iphoneos*]" = "iPhone Developer";
				GCC_C_LANGUAGE_STANDARD = gnu99;
				GCC_VERSION = com.apple.compilers.llvmgcc42;
				GCC_WARN_ABOUT_RETURN_TYPE = YES;
				GCC_WARN_UNUSED_VARIABLE = YES;
				IPHONEOS_DEPLOYMENT_TARGET = 4.3;
				OTHER_CFLAGS = "-DNS_BLOCK_ASSERTIONS=1";
				SDKROOT = iphoneos;
			};
			name = Release;
		};
		D09A95DE1395B01B0021BD52 /* Debug */ = {
			isa = XCBuildConfiguration;
			buildSettings = {
				ALWAYS_SEARCH_USER_PATHS = NO;
				COPY_PHASE_STRIP = NO;
				GCC_DYNAMIC_NO_PIC = NO;
				GCC_PRECOMPILE_PREFIX_HEADER = YES;
				GCC_PREFIX_HEADER = "MediaPlayer/MediaPlayer-Prefix.pch";
				INFOPLIST_FILE = "MediaPlayer/MediaPlayer-Info.plist";
				PRODUCT_NAME = "$(TARGET_NAME)";
				WRAPPER_EXTENSION = app;
			};
			name = Debug;
		};
		D09A95DF1395B01B0021BD52 /* Release */ = {
			isa = XCBuildConfiguration;
			buildSettings = {
				ALWAYS_SEARCH_USER_PATHS = NO;
				COPY_PHASE_STRIP = YES;
				GCC_PRECOMPILE_PREFIX_HEADER = YES;
				GCC_PREFIX_HEADER = "MediaPlayer/MediaPlayer-Prefix.pch";
				INFOPLIST_FILE = "MediaPlayer/MediaPlayer-Info.plist";
				PRODUCT_NAME = "$(TARGET_NAME)";
				VALIDATE_PRODUCT = YES;
				WRAPPER_EXTENSION = app;
			};
			name = Release;
		};
/* End XCBuildConfiguration section */

/* Begin XCConfigurationList section */
		D09A95B61395B01A0021BD52 /* Build configuration list for PBXProject "MediaPlayer" */ = {
			isa = XCConfigurationList;
			buildConfigurations = (
				D09A95DB1395B01B0021BD52 /* Debug */,
				D09A95DC1395B01B0021BD52 /* Release */,
			);
			defaultConfigurationIsVisible = 0;
			defaultConfigurationName = Release;
		};
		D09A95DD1395B01B0021BD52 /* Build configuration list for PBXNativeTarget "MediaPlayer" */ = {
			isa = XCConfigurationList;
			buildConfigurations = (
				D09A95DE1395B01B0021BD52 /* Debug */,
				D09A95DF1395B01B0021BD52 /* Release */,
			);
			defaultConfigurationIsVisible = 0;
			defaultConfigurationName = Release;
		};
/* End XCConfigurationList section */
	};
	rootObject = D09A95B31395B01A0021BD52 /* Project object */;
}
